
Microsoft Visual Studio Solution File, Format Version 12.00
# Visual Studio Version 16
VisualStudioVersion = 16.0.30413.136
MinimumVisualStudioVersion = 10.0.40219.1
Project("{FAE04EC0-301F-11D3-BF4B-00C04F79EFBC}") = "EX13Arrays", "EX13Arrays.csproj", "{2CD92AA9-9A15-412E-A3F9-56E3E34A8ACC}"
EndProject
Global
	GlobalSection(SolutionConfigurationPlatforms) = preSolution
		Debug|Any CPU = Debug|Any CPU
		Release|Any CPU = Release|Any CPU
	EndGlobalSection
	GlobalSection(ProjectConfigurationPlatforms) = postSolution
		{2CD92AA9-9A15-412E-A3F9-56E3E34A8ACC}.Debug|Any CPU.ActiveCfg = Debug|Any CPU
		{2CD92AA9-9A15-412E-A3F9-56E3E34A8ACC}.Debug|Any CPU.Build.0 = Debug|Any CPU
		{2CD92AA9-9A15-412E-A3F9-56E3E34A8ACC}.Release|Any CPU.ActiveCfg = Release|Any CPU
		{2CD92AA9-9A15-412E-A3F9-56E3E34A8ACC}.Release|Any CPU.Build.0 = Release|Any CPU
	EndGlobalSection
	GlobalSection(SolutionProperties) = preSolution
		HideSolutionNode = FALSE
	EndGlobalSection
	GlobalSection(ExtensibilityGlobals) = postSolution
		SolutionGuid = {E154F5A8-21B1-4955-9859-FAF71E290B0F}
	EndGlobalSection
EndGlobal
